
Microsoft Visual Studio Solution File, Format Version 12.00
# Visual Studio Version 16
VisualStudioVersion = 16.0.30104.148
MinimumVisualStudioVersion = 10.0.40219.1
Project("{FAE04EC0-301F-11D3-BF4B-00C04F79EFBC}") = "EmployeeManagement", "EmployeeManagement\EmployeeManagement.csproj", "{04A48B36-67DF-40C5-871B-DAFA807C1673}"
EndProject
Global
	GlobalSection(SolutionConfigurationPlatforms) = preSolution
		Debug|Any CPU = Debug|Any CPU
		Release|Any CPU = Release|Any CPU
	EndGlobalSection
	GlobalSection(ProjectConfigurationPlatforms) = postSolution
		{04A48B36-67DF-40C5-871B-DAFA807C1673}.Debug|Any CPU.ActiveCfg = Debug|Any CPU
		{04A48B36-67DF-40C5-871B-DAFA807C1673}.Debug|Any CPU.Build.0 = Debug|Any CPU
		{04A48B36-67DF-40C5-871B-DAFA807C1673}.Release|Any CPU.ActiveCfg = Release|Any CPU
		{04A48B36-67DF-40C5-871B-DAFA807C1673}.Release|Any CPU.Build.0 = Release|Any CPU
	EndGlobalSection
	GlobalSection(SolutionProperties) = preSolution
		HideSolutionNode = FALSE
	EndGlobalSection
	GlobalSection(ExtensibilityGlobals) = postSolution
		SolutionGuid = {D04148A9-9F1B-459C-9E97-4F44044952F6}
	EndGlobalSection
EndGlobal
